
Microsoft Visual Studio Solution File, Format Version 12.00
# Visual Studio Version 16
VisualStudioVersion = 16.0.31911.196
MinimumVisualStudioVersion = 10.0.40219.1
Project("{FAE04EC0-301F-11D3-BF4B-00C04F79EFBC}") = "HaciendaPuntoNET", "HaciendaPuntoNET\HaciendaPuntoNET.csproj", "{513A7E74-4E2C-4CBD-86E6-B1C824C28A4B}"
EndProject
Project("{FAE04EC0-301F-11D3-BF4B-00C04F79EFBC}") = "Toolbox", "Toolbox\Toolbox.csproj", "{CA373127-7E09-4C48-932D-C42D9AE3D3A0}"
EndProject
Project("{FAE04EC0-301F-11D3-BF4B-00C04F79EFBC}") = "HaciendaCore", "HaciendaCore\HaciendaCore.csproj", "{FC95E9DD-713F-40A8-ABAC-44C919B8ED6B}"
EndProject
Project("{FAE04EC0-301F-11D3-BF4B-00C04F79EFBC}") = "HaciendaTemplates", "HaciendaTemplates\HaciendaTemplates.csproj", "{3769767B-AF29-4C60-A254-CB9BEFE8D2E6}"
EndProject
Project("{2150E333-8FDC-42A3-9474-1A3956D46DE8}") = "API", "API", "{5206E355-F5DE-4FAB-A0C2-B2AE2EFEF3E8}"
EndProject
Project("{FAE04EC0-301F-11D3-BF4B-00C04F79EFBC}") = "UnitProject", "UnitProject\UnitProject.csproj", "{75AAF497-9F9B-4A83-A5AC-A6EFBB0283CF}"
EndProject
Project("{2150E333-8FDC-42A3-9474-1A3956D46DE8}") = "Client", "Client", "{B2AF5FCB-A151-48A8-9DD4-7D3E5000BA74}"
EndProject
Project("{FAE04EC0-301F-11D3-BF4B-00C04F79EFBC}") = "BrokerHaciendaPuntoNET", "Broker\BrokerHaciendaPuntoNET.csproj", "{F89C0E2E-1919-445B-AA83-504BF4AD5D6D}"
EndProject
Project("{2150E333-8FDC-42A3-9474-1A3956D46DE8}") = "Shared", "Shared", "{7AF9958D-1D39-4166-BCCD-554451D488B1}"
EndProject
Global
	GlobalSection(SolutionConfigurationPlatforms) = preSolution
		Debug|Any CPU = Debug|Any CPU
		Release|Any CPU = Release|Any CPU
	EndGlobalSection
	GlobalSection(ProjectConfigurationPlatforms) = postSolution
		{513A7E74-4E2C-4CBD-86E6-B1C824C28A4B}.Debug|Any CPU.ActiveCfg = Debug|Any CPU
		{513A7E74-4E2C-4CBD-86E6-B1C824C28A4B}.Debug|Any CPU.Build.0 = Debug|Any CPU
		{513A7E74-4E2C-4CBD-86E6-B1C824C28A4B}.Release|Any CPU.ActiveCfg = Release|Any CPU
		{513A7E74-4E2C-4CBD-86E6-B1C824C28A4B}.Release|Any CPU.Build.0 = Release|Any CPU
		{CA373127-7E09-4C48-932D-C42D9AE3D3A0}.Debug|Any CPU.ActiveCfg = Debug|Any CPU
		{CA373127-7E09-4C48-932D-C42D9AE3D3A0}.Debug|Any CPU.Build.0 = Debug|Any CPU
		{CA373127-7E09-4C48-932D-C42D9AE3D3A0}.Release|Any CPU.ActiveCfg = Release|Any CPU
		{CA373127-7E09-4C48-932D-C42D9AE3D3A0}.Release|Any CPU.Build.0 = Release|Any CPU
		{FC95E9DD-713F-40A8-ABAC-44C919B8ED6B}.Debug|Any CPU.ActiveCfg = Debug|Any CPU
		{FC95E9DD-713F-40A8-ABAC-44C919B8ED6B}.Debug|Any CPU.Build.0 = Debug|Any CPU
		{FC95E9DD-713F-40A8-ABAC-44C919B8ED6B}.Release|Any CPU.ActiveCfg = Release|Any CPU
		{FC95E9DD-713F-40A8-ABAC-44C919B8ED6B}.Release|Any CPU.Build.0 = Release|Any CPU
		{3769767B-AF29-4C60-A254-CB9BEFE8D2E6}.Debug|Any CPU.ActiveCfg = Debug|Any CPU
		{3769767B-AF29-4C60-A254-CB9BEFE8D2E6}.Debug|Any CPU.Build.0 = Debug|Any CPU
		{3769767B-AF29-4C60-A254-CB9BEFE8D2E6}.Release|Any CPU.ActiveCfg = Release|Any CPU
		{3769767B-AF29-4C60-A254-CB9BEFE8D2E6}.Release|Any CPU.Build.0 = Release|Any CPU
		{75AAF497-9F9B-4A83-A5AC-A6EFBB0283CF}.Debug|Any CPU.ActiveCfg = Debug|Any CPU
		{75AAF497-9F9B-4A83-A5AC-A6EFBB0283CF}.Debug|Any CPU.Build.0 = Debug|Any CPU
		{75AAF497-9F9B-4A83-A5AC-A6EFBB0283CF}.Release|Any CPU.ActiveCfg = Release|Any CPU
		{75AAF497-9F9B-4A83-A5AC-A6EFBB0283CF}.Release|Any CPU.Build.0 = Release|Any CPU
		{F89C0E2E-1919-445B-AA83-504BF4AD5D6D}.Debug|Any CPU.ActiveCfg = Debug|Any CPU
		{F89C0E2E-1919-445B-AA83-504BF4AD5D6D}.Debug|Any CPU.Build.0 = Debug|Any CPU
		{F89C0E2E-1919-445B-AA83-504BF4AD5D6D}.Release|Any CPU.ActiveCfg = Release|Any CPU
		{F89C0E2E-1919-445B-AA83-504BF4AD5D6D}.Release|Any CPU.Build.0 = Release|Any CPU
	EndGlobalSection
	GlobalSection(SolutionProperties) = preSolution
		HideSolutionNode = FALSE
	EndGlobalSection
	GlobalSection(NestedProjects) = preSolution
		{513A7E74-4E2C-4CBD-86E6-B1C824C28A4B} = {5206E355-F5DE-4FAB-A0C2-B2AE2EFEF3E8}
		{CA373127-7E09-4C48-932D-C42D9AE3D3A0} = {7AF9958D-1D39-4166-BCCD-554451D488B1}
		{FC95E9DD-713F-40A8-ABAC-44C919B8ED6B} = {5206E355-F5DE-4FAB-A0C2-B2AE2EFEF3E8}
		{3769767B-AF29-4C60-A254-CB9BEFE8D2E6} = {7AF9958D-1D39-4166-BCCD-554451D488B1}
		{F89C0E2E-1919-445B-AA83-504BF4AD5D6D} = {B2AF5FCB-A151-48A8-9DD4-7D3E5000BA74}
	EndGlobalSection
	GlobalSection(ExtensibilityGlobals) = postSolution
		SolutionGuid = {59577A0B-6186-4CE0-A0E2-AFC8353148EC}
	EndGlobalSection
EndGlobal
