
Microsoft Visual Studio Solution File, Format Version 12.00
# Visual Studio Version 17
VisualStudioVersion = 17.0.32014.148
MinimumVisualStudioVersion = 10.0.40219.1
Project("{9A19103F-16F7-4668-BE54-9A1E7A4F7556}") = "MHBrokerContracts", "MHBrokerContracts\MHBrokerContracts.csproj", "{FEB8C945-00C1-4DE8-947B-BE95B3FFDFBF}"
EndProject
Project("{9A19103F-16F7-4668-BE54-9A1E7A4F7556}") = "MHBrokerIO", "MHBrokerIO\MHBrokerIO.csproj", "{772DB6D3-CD57-4D4E-A9E6-E51BE193AF4A}"
EndProject
Project("{9A19103F-16F7-4668-BE54-9A1E7A4F7556}") = "MHBrokerLogic", "MHBrokerLogic\MHBrokerLogic.csproj", "{DA9AA38E-C036-40A1-8949-E5AC5AC37145}"
EndProject
Project("{9A19103F-16F7-4668-BE54-9A1E7A4F7556}") = "MHBrokerModels", "MHBrokerModels\MHBrokerModels.csproj", "{0F52B88C-8CDB-4B72-AE8B-9F3852484FC8}"
EndProject
Project("{9A19103F-16F7-4668-BE54-9A1E7A4F7556}") = "MHBrokerUtilities", "MHBrokerUtilities\MHBrokerUtilities.csproj", "{4780E166-6370-4A11-8AED-5D7D965E0834}"
EndProject
Project("{FAE04EC0-301F-11D3-BF4B-00C04F79EFBC}") = "HaciendaPuntoNET", "HaciendaPuntoNET\HaciendaPuntoNET.csproj", "{9E3D9525-A91D-40A7-BD3C-C03423C1EDAB}"
EndProject
Global
	GlobalSection(SolutionConfigurationPlatforms) = preSolution
		Debug|Any CPU = Debug|Any CPU
		Release|Any CPU = Release|Any CPU
	EndGlobalSection
	GlobalSection(ProjectConfigurationPlatforms) = postSolution
		{FEB8C945-00C1-4DE8-947B-BE95B3FFDFBF}.Debug|Any CPU.ActiveCfg = Debug|Any CPU
		{FEB8C945-00C1-4DE8-947B-BE95B3FFDFBF}.Debug|Any CPU.Build.0 = Debug|Any CPU
		{FEB8C945-00C1-4DE8-947B-BE95B3FFDFBF}.Release|Any CPU.ActiveCfg = Release|Any CPU
		{FEB8C945-00C1-4DE8-947B-BE95B3FFDFBF}.Release|Any CPU.Build.0 = Release|Any CPU
		{772DB6D3-CD57-4D4E-A9E6-E51BE193AF4A}.Debug|Any CPU.ActiveCfg = Debug|Any CPU
		{772DB6D3-CD57-4D4E-A9E6-E51BE193AF4A}.Debug|Any CPU.Build.0 = Debug|Any CPU
		{772DB6D3-CD57-4D4E-A9E6-E51BE193AF4A}.Release|Any CPU.ActiveCfg = Release|Any CPU
		{772DB6D3-CD57-4D4E-A9E6-E51BE193AF4A}.Release|Any CPU.Build.0 = Release|Any CPU
		{DA9AA38E-C036-40A1-8949-E5AC5AC37145}.Debug|Any CPU.ActiveCfg = Debug|Any CPU
		{DA9AA38E-C036-40A1-8949-E5AC5AC37145}.Debug|Any CPU.Build.0 = Debug|Any CPU
		{DA9AA38E-C036-40A1-8949-E5AC5AC37145}.Release|Any CPU.ActiveCfg = Release|Any CPU
		{DA9AA38E-C036-40A1-8949-E5AC5AC37145}.Release|Any CPU.Build.0 = Release|Any CPU
		{0F52B88C-8CDB-4B72-AE8B-9F3852484FC8}.Debug|Any CPU.ActiveCfg = Debug|Any CPU
		{0F52B88C-8CDB-4B72-AE8B-9F3852484FC8}.Debug|Any CPU.Build.0 = Debug|Any CPU
		{0F52B88C-8CDB-4B72-AE8B-9F3852484FC8}.Release|Any CPU.ActiveCfg = Release|Any CPU
		{0F52B88C-8CDB-4B72-AE8B-9F3852484FC8}.Release|Any CPU.Build.0 = Release|Any CPU
		{4780E166-6370-4A11-8AED-5D7D965E0834}.Debug|Any CPU.ActiveCfg = Debug|Any CPU
		{4780E166-6370-4A11-8AED-5D7D965E0834}.Debug|Any CPU.Build.0 = Debug|Any CPU
		{4780E166-6370-4A11-8AED-5D7D965E0834}.Release|Any CPU.ActiveCfg = Release|Any CPU
		{4780E166-6370-4A11-8AED-5D7D965E0834}.Release|Any CPU.Build.0 = Release|Any CPU
		{9E3D9525-A91D-40A7-BD3C-C03423C1EDAB}.Debug|Any CPU.ActiveCfg = Debug|Any CPU
		{9E3D9525-A91D-40A7-BD3C-C03423C1EDAB}.Debug|Any CPU.Build.0 = Debug|Any CPU
		{9E3D9525-A91D-40A7-BD3C-C03423C1EDAB}.Release|Any CPU.ActiveCfg = Release|Any CPU
		{9E3D9525-A91D-40A7-BD3C-C03423C1EDAB}.Release|Any CPU.Build.0 = Release|Any CPU
	EndGlobalSection
	GlobalSection(SolutionProperties) = preSolution
		HideSolutionNode = FALSE
	EndGlobalSection
	GlobalSection(ExtensibilityGlobals) = postSolution
		SolutionGuid = {59577A0B-6186-4CE0-A0E2-AFC8353148EC}
	EndGlobalSection
EndGlobal
