
Microsoft Visual Studio Solution File, Format Version 12.00
# Visual Studio Version 17
VisualStudioVersion = 17.1.32328.378
MinimumVisualStudioVersion = 10.0.40219.1
Project("{9A19103F-16F7-4668-BE54-9A1E7A4F7556}") = "MHBrokerAPI", "MHBrokerAPI\MHBrokerAPI.csproj", "{30210560-01D4-4CE5-9E8B-3A27799D1F48}"
EndProject
Project("{9A19103F-16F7-4668-BE54-9A1E7A4F7556}") = "MHBrokerModels", "MHBrokerModels\MHBrokerModels.csproj", "{29F8FDDF-4836-4429-9350-8C6DD64CD9F0}"
EndProject
Project("{9A19103F-16F7-4668-BE54-9A1E7A4F7556}") = "MHBrokerContracts", "MHBrokerContracts\MHBrokerContracts.csproj", "{C55D2533-DD73-4CC2-A8E0-DF443FB0DA77}"
EndProject
Project("{9A19103F-16F7-4668-BE54-9A1E7A4F7556}") = "MemoryVault", "MemoryVault\MemoryVault.csproj", "{7EE09010-2214-487F-B744-43D757065BD7}"
EndProject
Project("{9A19103F-16F7-4668-BE54-9A1E7A4F7556}") = "Toolbox", "Toolbox\Toolbox.csproj", "{219AB95E-0E88-4EE0-A4A4-552D4B82C312}"
EndProject
Project("{2150E333-8FDC-42A3-9474-1A3956D46DE8}") = "Resources", "Resources", "{E145018D-D4FC-4611-A610-1DDAC405AC6C}"
EndProject
Global
	GlobalSection(SolutionConfigurationPlatforms) = preSolution
		Debug|Any CPU = Debug|Any CPU
		Release|Any CPU = Release|Any CPU
	EndGlobalSection
	GlobalSection(ProjectConfigurationPlatforms) = postSolution
		{30210560-01D4-4CE5-9E8B-3A27799D1F48}.Debug|Any CPU.ActiveCfg = Debug|Any CPU
		{30210560-01D4-4CE5-9E8B-3A27799D1F48}.Debug|Any CPU.Build.0 = Debug|Any CPU
		{30210560-01D4-4CE5-9E8B-3A27799D1F48}.Release|Any CPU.ActiveCfg = Release|Any CPU
		{30210560-01D4-4CE5-9E8B-3A27799D1F48}.Release|Any CPU.Build.0 = Release|Any CPU
		{29F8FDDF-4836-4429-9350-8C6DD64CD9F0}.Debug|Any CPU.ActiveCfg = Debug|Any CPU
		{29F8FDDF-4836-4429-9350-8C6DD64CD9F0}.Debug|Any CPU.Build.0 = Debug|Any CPU
		{29F8FDDF-4836-4429-9350-8C6DD64CD9F0}.Release|Any CPU.ActiveCfg = Release|Any CPU
		{29F8FDDF-4836-4429-9350-8C6DD64CD9F0}.Release|Any CPU.Build.0 = Release|Any CPU
		{C55D2533-DD73-4CC2-A8E0-DF443FB0DA77}.Debug|Any CPU.ActiveCfg = Debug|Any CPU
		{C55D2533-DD73-4CC2-A8E0-DF443FB0DA77}.Debug|Any CPU.Build.0 = Debug|Any CPU
		{C55D2533-DD73-4CC2-A8E0-DF443FB0DA77}.Release|Any CPU.ActiveCfg = Release|Any CPU
		{C55D2533-DD73-4CC2-A8E0-DF443FB0DA77}.Release|Any CPU.Build.0 = Release|Any CPU
		{7EE09010-2214-487F-B744-43D757065BD7}.Debug|Any CPU.ActiveCfg = Debug|Any CPU
		{7EE09010-2214-487F-B744-43D757065BD7}.Debug|Any CPU.Build.0 = Debug|Any CPU
		{7EE09010-2214-487F-B744-43D757065BD7}.Release|Any CPU.ActiveCfg = Release|Any CPU
		{7EE09010-2214-487F-B744-43D757065BD7}.Release|Any CPU.Build.0 = Release|Any CPU
		{219AB95E-0E88-4EE0-A4A4-552D4B82C312}.Debug|Any CPU.ActiveCfg = Debug|Any CPU
		{219AB95E-0E88-4EE0-A4A4-552D4B82C312}.Debug|Any CPU.Build.0 = Debug|Any CPU
		{219AB95E-0E88-4EE0-A4A4-552D4B82C312}.Release|Any CPU.ActiveCfg = Release|Any CPU
		{219AB95E-0E88-4EE0-A4A4-552D4B82C312}.Release|Any CPU.Build.0 = Release|Any CPU
	EndGlobalSection
	GlobalSection(SolutionProperties) = preSolution
		HideSolutionNode = FALSE
	EndGlobalSection
	GlobalSection(NestedProjects) = preSolution
		{7EE09010-2214-487F-B744-43D757065BD7} = {E145018D-D4FC-4611-A610-1DDAC405AC6C}
		{219AB95E-0E88-4EE0-A4A4-552D4B82C312} = {E145018D-D4FC-4611-A610-1DDAC405AC6C}
	EndGlobalSection
	GlobalSection(ExtensibilityGlobals) = postSolution
		SolutionGuid = {59577A0B-6186-4CE0-A0E2-AFC8353148EC}
	EndGlobalSection
EndGlobal
